
Microsoft Visual Studio Solution File, Format Version 12.00
# Visual Studio Version 16
VisualStudioVersion = 16.0.30717.126
MinimumVisualStudioVersion = 10.0.40219.1
Project("{FAE04EC0-301F-11D3-BF4B-00C04F79EFBC}") = "CryptoSoft", "CryptoSoft\CryptoSoft.csproj", "{C86009F2-A24D-42E6-96F4-7D0606962312}"
EndProject
Global
	GlobalSection(SolutionConfigurationPlatforms) = preSolution
		Debug|Any CPU = Debug|Any CPU
		Release|Any CPU = Release|Any CPU
	EndGlobalSection
	GlobalSection(ProjectConfigurationPlatforms) = postSolution
		{C86009F2-A24D-42E6-96F4-7D0606962312}.Debug|Any CPU.ActiveCfg = Debug|Any CPU
		{C86009F2-A24D-42E6-96F4-7D0606962312}.Debug|Any CPU.Build.0 = Debug|Any CPU
		{C86009F2-A24D-42E6-96F4-7D0606962312}.Release|Any CPU.ActiveCfg = Release|Any CPU
		{C86009F2-A24D-42E6-96F4-7D0606962312}.Release|Any CPU.Build.0 = Release|Any CPU
	EndGlobalSection
	GlobalSection(SolutionProperties) = preSolution
		HideSolutionNode = FALSE
	EndGlobalSection
	GlobalSection(ExtensibilityGlobals) = postSolution
		SolutionGuid = {0F9F8858-78EE-4DAD-87BD-46AD71EAAEC5}
	EndGlobalSection
EndGlobal
